
Microsoft Visual Studio Solution File, Format Version 12.00
# Visual Studio Version 17
VisualStudioVersion = 17.5.002.0
MinimumVisualStudioVersion = 10.0.40219.1
Project("{9A19103F-16F7-4668-BE54-9A1E7A4F7556}") = "ToDoList", "ToDoList\ToDoList.csproj", "{D486D76E-41E2-45DA-BE38-6A381319E732}"
EndProject
Global
	GlobalSection(SolutionConfigurationPlatforms) = preSolution
		Debug|Any CPU = Debug|Any CPU
		Release|Any CPU = Release|Any CPU
	EndGlobalSection
	GlobalSection(ProjectConfigurationPlatforms) = postSolution
		{D486D76E-41E2-45DA-BE38-6A381319E732}.Debug|Any CPU.ActiveCfg = Debug|Any CPU
		{D486D76E-41E2-45DA-BE38-6A381319E732}.Debug|Any CPU.Build.0 = Debug|Any CPU
		{D486D76E-41E2-45DA-BE38-6A381319E732}.Release|Any CPU.ActiveCfg = Release|Any CPU
		{D486D76E-41E2-45DA-BE38-6A381319E732}.Release|Any CPU.Build.0 = Release|Any CPU
	EndGlobalSection
	GlobalSection(SolutionProperties) = preSolution
		HideSolutionNode = FALSE
	EndGlobalSection
	GlobalSection(ExtensibilityGlobals) = postSolution
		SolutionGuid = {E339D7FF-FC46-46D3-8B09-94475E54C273}
	EndGlobalSection
EndGlobal
